
Microsoft Visual Studio Solution File, Format Version 12.00
# Visual Studio Version 17
VisualStudioVersion = 17.14.36518.9 d17.14
MinimumVisualStudioVersion = 10.0.40219.1
Project("{FAE04EC0-301F-11D3-BF4B-00C04F79EFBC}") = "TopHeroesBot.Domain", "TopHeroesBot.Domain\TopHeroesBot.Domain.csproj", "{9A284FCD-188A-4339-9B9E-85EF5A1C9E29}"
EndProject
Project("{FAE04EC0-301F-11D3-BF4B-00C04F79EFBC}") = "TopHeroesBot.Application", "TopHeroesBot.Application\TopHeroesBot.Application.csproj", "{A40100DB-9194-46C2-9C81-0FD3030AA568}"
EndProject
Project("{FAE04EC0-301F-11D3-BF4B-00C04F79EFBC}") = "TopHeroesBot.Infrastructure", "TopHeroesBot.Infrastructure\TopHeroesBot.Infrastructure.csproj", "{FA22199C-06E5-4AF6-86CF-60CA9F96E7F2}"
EndProject
Project("{FAE04EC0-301F-11D3-BF4B-00C04F79EFBC}") = "TopHeroesBot.Bot", "TopHeroesBot.Bot\TopHeroesBot.Bot.csproj", "{1523E412-A1D9-471C-8EF8-BE0955DA859F}"
EndProject
Project("{2150E333-8FDC-42A3-9474-1A3956D46DE8}") = "docs", "docs", "{02EA681E-C7D8-13C7-8484-4AC65E1B71E8}"
	ProjectSection(SolutionItems) = preProject
		ADR.md = ADR.md
		Todo.md = Todo.md
	EndProjectSection
EndProject
Global
	GlobalSection(SolutionConfigurationPlatforms) = preSolution
		Debug|Any CPU = Debug|Any CPU
		Release|Any CPU = Release|Any CPU
	EndGlobalSection
	GlobalSection(ProjectConfigurationPlatforms) = postSolution
		{9A284FCD-188A-4339-9B9E-85EF5A1C9E29}.Debug|Any CPU.ActiveCfg = Debug|Any CPU
		{9A284FCD-188A-4339-9B9E-85EF5A1C9E29}.Debug|Any CPU.Build.0 = Debug|Any CPU
		{9A284FCD-188A-4339-9B9E-85EF5A1C9E29}.Release|Any CPU.ActiveCfg = Release|Any CPU
		{9A284FCD-188A-4339-9B9E-85EF5A1C9E29}.Release|Any CPU.Build.0 = Release|Any CPU
		{A40100DB-9194-46C2-9C81-0FD3030AA568}.Debug|Any CPU.ActiveCfg = Debug|Any CPU
		{A40100DB-9194-46C2-9C81-0FD3030AA568}.Debug|Any CPU.Build.0 = Debug|Any CPU
		{A40100DB-9194-46C2-9C81-0FD3030AA568}.Release|Any CPU.ActiveCfg = Release|Any CPU
		{A40100DB-9194-46C2-9C81-0FD3030AA568}.Release|Any CPU.Build.0 = Release|Any CPU
		{FA22199C-06E5-4AF6-86CF-60CA9F96E7F2}.Debug|Any CPU.ActiveCfg = Debug|Any CPU
		{FA22199C-06E5-4AF6-86CF-60CA9F96E7F2}.Debug|Any CPU.Build.0 = Debug|Any CPU
		{FA22199C-06E5-4AF6-86CF-60CA9F96E7F2}.Release|Any CPU.ActiveCfg = Release|Any CPU
		{FA22199C-06E5-4AF6-86CF-60CA9F96E7F2}.Release|Any CPU.Build.0 = Release|Any CPU
		{1523E412-A1D9-471C-8EF8-BE0955DA859F}.Debug|Any CPU.ActiveCfg = Debug|Any CPU
		{1523E412-A1D9-471C-8EF8-BE0955DA859F}.Debug|Any CPU.Build.0 = Debug|Any CPU
		{1523E412-A1D9-471C-8EF8-BE0955DA859F}.Release|Any CPU.ActiveCfg = Release|Any CPU
		{1523E412-A1D9-471C-8EF8-BE0955DA859F}.Release|Any CPU.Build.0 = Release|Any CPU
	EndGlobalSection
	GlobalSection(SolutionProperties) = preSolution
		HideSolutionNode = FALSE
	EndGlobalSection
	GlobalSection(ExtensibilityGlobals) = postSolution
		SolutionGuid = {FDC7FEBA-6FF7-47A6-860B-083C759C9298}
	EndGlobalSection
EndGlobal
